{
  "meteor": {},
  "dependencies": {
    "basePackages": {
      "azimuth-views-foundation": {},
      "azimuth-theme-fn-simpleWhite": {}
    },
    "packages": {
      "azimuth-views-foundation": {
        "git": "https://github.com/mcrider/azimuth-views-foundation.git",
        "tag": "v0.2.0",
        "commit": "96f43d1c84f6d439c98cf3c3abcb0b604ee32853"
      },
      "azimuth-theme-fn-simpleWhite": {
        "git": "https://github.com/mcrider/azimuth-theme-foundation-simpleWhite.git",
        "tag": "v0.1.4",
        "commit": "84a9eab3bf8654c1278abe342d9f41b535f3f38b"
      },
      "azimuth-core": {
        "git": "https://github.com/mcrider/azimuth-core.git",
        "tag": "v0.2.0",
        "commit": "8466d84efe5884d745bab289ad17403a9eb44d1d"
      },
      "zurb-foundation": {
        "git": "https://github.com/MixinLabs/meteor-foundation.git",
        "tag": "v0.1.8",
        "commit": "1df073584c45582ce9d6fe6a42aa46e5de39eb9c"
      },
      "modernizr-meteor": {
        "git": "https://github.com/ckir/modernizr-meteor.git",
        "tag": "v2.6.2",
        "commit": "391ca2a3beff3cd2b0e1099cb2d744b5a2e8a73e"
      },
      "underscore-string": {
        "git": "https://github.com/possibilities/meteor-underscore-string.git",
        "tag": "v2.2.0rc.1",
        "commit": "dec21fac23310daf76dc19f246749e7beb48af03"
      },
      "font-awesome": {
        "git": "https://github.com/nate-strauser/meteor-font-awesome.git",
        "tag": "v3.2.1",
        "commit": "38bdfff72dfb8857b272f9a9b056045d6a015489"
      },
      "roles": {
        "git": "https://github.com/alanning/meteor-roles.git",
        "tag": "v1.0.6",
        "commit": "f81cbf7c765a4ed7e16a580c288db6f10a90856b"
      },
      "iron-router": {
        "git": "https://github.com/EventedMind/iron-router.git",
        "tag": "v0.6.1",
        "commit": "4e1ee0581d68bff422a915dacb0bd30eae10fe08"
      },
      "collectionFS": {
        "git": "https://github.com/raix/Meteor-CollectionFS.git",
        "tag": "v0.3.6",
        "commit": "e28922685d07fc2bd17e23571eeb050cd85176f7"
      },
      "analyticsjs": {
        "git": "https://github.com/nate-strauser/meteor-analyticsjs.git",
        "tag": "v0.1.2",
        "commit": "aded6d80df1f801d02076adbb3d64685ebb00f00"
      },
      "cfs-public-folder": {
        "git": "https://github.com/nooitaf/meteor-cfs-public-folder.git",
        "tag": "v0.0.3",
        "commit": "f47a0f1963be82121c975f955196b1fbb0cdbca3"
      }
    }
  }
}
