{
  "meteor": {},
  "dependencies": {
    "basePackages": {
      "azimuth-views-foundation": {}
    },
    "packages": {
      "azimuth-views-foundation": {
        "git": "https://github.com/mcrider/azimuth-views-foundation.git",
        "tag": "v0.1.4",
        "commit": "2d44266243ec2158985dc767d951454c4c86e169"
      },
      "azimuth-core": {
        "git": "https://github.com/mcrider/azimuth-core.git",
        "tag": "v0.1.12",
        "commit": "36c26d38382fdbb9a331bbb232a6a4566e33b39f"
      },
      "foundation": {
        "git": "https://github.com/ewall/meteor-foundation.git",
        "tag": "v4.3.2",
        "commit": "4cd0dc6ac5c69bf7477917a836d9078262d273a0"
      },
      "underscore-string": {
        "git": "https://github.com/possibilities/meteor-underscore-string.git",
        "tag": "v2.2.0rc.1",
        "commit": "dec21fac23310daf76dc19f246749e7beb48af03"
      },
      "font-awesome": {
        "git": "https://github.com/nate-strauser/meteor-font-awesome.git",
        "tag": "v3.2.1",
        "commit": "38bdfff72dfb8857b272f9a9b056045d6a015489"
      },
      "roles": {
        "git": "https://github.com/alanning/meteor-roles.git",
        "tag": "v1.0.6",
        "commit": "f81cbf7c765a4ed7e16a580c288db6f10a90856b"
      },
      "iron-router": {
        "git": "https://github.com/EventedMind/iron-router.git",
        "tag": "v0.5.4",
        "commit": "3e0e22ff85630b7503d0daa1538c6d90abb84020"
      },
      "filepicker": {
        "git": "https://github.com/Filepicker/meteor.git",
        "tag": "v0.3.0",
        "commit": "dcb6f3779e5fc105520ba06b0392e3a79c73a7e6"
      },
      "analyticsjs": {
        "git": "https://github.com/nate-strauser/meteor-analyticsjs.git",
        "tag": "v0.1.2",
        "commit": "aded6d80df1f801d02076adbb3d64685ebb00f00"
      }
    }
  }
}
