{
  "meteor": {},
  "dependencies": {
    "basePackages": {
      "azimuth-views-foundation": {},
      "marked": {}
    },
    "packages": {
      "azimuth-views-foundation": {
        "git": "https://github.com/mcrider/azimuth-views-foundation.git",
        "tag": "v0.3.2",
        "commit": "95edad005eafc19331257bff8ba0a45357774a4b"
      },
      "marked": {
        "git": "https://github.com/chuangbo/meteor-marked.git",
        "tag": "v0.3.1",
        "commit": "3d9a9c94793b20e1ee7c807931cb536010d6f820"
      },
      "azimuth-core": {
        "git": "https://github.com/mcrider/azimuth-core.git",
        "tag": "v0.3.4",
        "commit": "d79354b14b24bb6b821a6d313cb2150265b3aead"
      },
      "zurb-foundation": {
        "git": "https://github.com/MixinLabs/meteor-foundation.git",
        "tag": "v0.1.10",
        "commit": "545234bc38f7a747a5d69b48f75c5cc77ca8382f"
      },
      "modernizr-meteor": {
        "git": "https://github.com/ckir/modernizr-meteor.git",
        "tag": "v2.6.2",
        "commit": "391ca2a3beff3cd2b0e1099cb2d744b5a2e8a73e"
      },
      "underscore-string": {
        "git": "https://github.com/possibilities/meteor-underscore-string.git",
        "tag": "v2.2.0rc.1",
        "commit": "dec21fac23310daf76dc19f246749e7beb48af03"
      },
      "roles": {
        "git": "https://github.com/alanning/meteor-roles.git",
        "tag": "v1.2.6",
        "commit": "f2a9058281f8f2fe028767841d7445aadd6893cf"
      },
      "iron-router": {
        "git": "https://github.com/EventedMind/iron-router.git",
        "branch": "dev",
        "commit": "d475c1afdd30ee2666b1067dd96ae6e4b583e70e"
      },
      "collectionFS": {
        "path": "../azimuth/packages/collectionFS"
      },
      "blaze-layout": {
        "git": "https://github.com/EventedMind/blaze-layout.git",
        "branch": "master",
        "commit": "2664f817844fba0fab0455a79bc62782c9091ad0"
      },
      "cfs-public-folder": {
        "git": "https://github.com/nooitaf/meteor-cfs-public-folder.git",
        "tag": "v0.0.3",
        "commit": "f47a0f1963be82121c975f955196b1fbb0cdbca3"
      }
    }
  }
}
